// !$*UTF8*$!
{
	archiveVersion = 1;
	classes = {
	};
	objectVersion = 50;
	objects = {

/* Begin PBXBuildFile section */
		C85BCD772214B3D700DC83CE /* AppDelegate.swift in Sources */ = {isa = PBXBuildFile; fileRef = C85BCD762214B3D700DC83CE /* AppDelegate.swift */; };
		C85BCD7A2214B3D700DC83CE /* EveryDoItAgain.xcdatamodeld in Sources */ = {isa = PBXBuildFile; fileRef = C85BCD782214B3D700DC83CE /* EveryDoItAgain.xcdatamodeld */; };
		C85BCD7C2214B3D700DC83CE /* MasterViewController.swift in Sources */ = {isa = PBXBuildFile; fileRef = C85BCD7B2214B3D700DC83CE /* MasterViewController.swift */; };
		C85BCD7E2214B3D700DC83CE /* DetailViewController.swift in Sources */ = {isa = PBXBuildFile; fileRef = C85BCD7D2214B3D700DC83CE /* DetailViewController.swift */; };
		C85BCD812214B3D700DC83CE /* Main.storyboard in Resources */ = {isa = PBXBuildFile; fileRef = C85BCD7F2214B3D700DC83CE /* Main.storyboard */; };
		C85BCD832214B3D800DC83CE /* Assets.xcassets in Resources */ = {isa = PBXBuildFile; fileRef = C85BCD822214B3D800DC83CE /* Assets.xcassets */; };
		C85BCD862214B3D800DC83CE /* LaunchScreen.storyboard in Resources */ = {isa = PBXBuildFile; fileRef = C85BCD842214B3D800DC83CE /* LaunchScreen.storyboard */; };
/* End PBXBuildFile section */

/* Begin PBXFileReference section */
		C85BCD732214B3D700DC83CE /* EveryDoItAgain.app */ = {isa = PBXFileReference; explicitFileType = wrapper.application; includeInIndex = 0; path = EveryDoItAgain.app; sourceTree = BUILT_PRODUCTS_DIR; };
		C85BCD762214B3D700DC83CE /* AppDelegate.swift */ = {isa = PBXFileReference; lastKnownFileType = sourcecode.swift; path = AppDelegate.swift; sourceTree = "<group>"; };
		C85BCD792214B3D700DC83CE /* EveryDoItAgain.xcdatamodel */ = {isa = PBXFileReference; lastKnownFileType = wrapper.xcdatamodel; path = EveryDoItAgain.xcdatamodel; sourceTree = "<group>"; };
		C85BCD7B2214B3D700DC83CE /* MasterViewController.swift */ = {isa = PBXFileReference; lastKnownFileType = sourcecode.swift; path = MasterViewController.swift; sourceTree = "<group>"; };
		C85BCD7D2214B3D700DC83CE /* DetailViewController.swift */ = {isa = PBXFileReference; lastKnownFileType = sourcecode.swift; path = DetailViewController.swift; sourceTree = "<group>"; };
		C85BCD802214B3D700DC83CE /* Base */ = {isa = PBXFileReference; lastKnownFileType = file.storyboard; name = Base; path = Base.lproj/Main.storyboard; sourceTree = "<group>"; };
		C85BCD822214B3D800DC83CE /* Assets.xcassets */ = {isa = PBXFileReference; lastKnownFileType = folder.assetcatalog; path = Assets.xcassets; sourceTree = "<group>"; };
		C85BCD852214B3D800DC83CE /* Base */ = {isa = PBXFileReference; lastKnownFileType = file.storyboard; name = Base; path = Base.lproj/LaunchScreen.storyboard; sourceTree = "<group>"; };
		C85BCD872214B3D800DC83CE /* Info.plist */ = {isa = PBXFileReference; lastKnownFileType = text.plist.xml; path = Info.plist; sourceTree = "<group>"; };
/* End PBXFileReference section */

/* Begin PBXFrameworksBuildPhase section */
		C85BCD702214B3D700DC83CE /* Frameworks */ = {
			isa = PBXFrameworksBuildPhase;
			buildActionMask = 2147483647;
			files = (
			);
			runOnlyForDeploymentPostprocessing = 0;
		};
/* End PBXFrameworksBuildPhase section */

/* Begin PBXGroup section */
		C85BCD6A2214B3D700DC83CE = {
			isa = PBXGroup;
			children = (
				C85BCD752214B3D700DC83CE /* EveryDoItAgain */,
				C85BCD742214B3D700DC83CE /* Products */,
			);
			sourceTree = "<group>";
		};
		C85BCD742214B3D700DC83CE /* Products */ = {
			isa = PBXGroup;
			children = (
				C85BCD732214B3D700DC83CE /* EveryDoItAgain.app */,
			);
			name = Products;
			sourceTree = "<group>";
		};
		C85BCD752214B3D700DC83CE /* EveryDoItAgain */ = {
			isa = PBXGroup;
			children = (
				C85BCD762214B3D700DC83CE /* AppDelegate.swift */,
				C85BCD7B2214B3D700DC83CE /* MasterViewController.swift */,
				C85BCD7D2214B3D700DC83CE /* DetailViewController.swift */,
				C85BCD7F2214B3D700DC83CE /* Main.storyboard */,
				C85BCD822214B3D800DC83CE /* Assets.xcassets */,
				C85BCD842214B3D800DC83CE /* LaunchScreen.storyboard */,
				C85BCD872214B3D800DC83CE /* Info.plist */,
				C85BCD782214B3D700DC83CE /* EveryDoItAgain.xcdatamodeld */,
			);
			path = EveryDoItAgain;
			sourceTree = "<group>";
		};
/* End PBXGroup section */

/* Begin PBXNativeTarget section */
		C85BCD722214B3D700DC83CE /* EveryDoItAgain */ = {
			isa = PBXNativeTarget;
			buildConfigurationList = C85BCD8A2214B3D800DC83CE /* Build configuration list for PBXNativeTarget "EveryDoItAgain" */;
			buildPhases = (
				C85BCD6F2214B3D700DC83CE /* Sources */,
				C85BCD702214B3D700DC83CE /* Frameworks */,
				C85BCD712214B3D700DC83CE /* Resources */,
			);
			buildRules = (
			);
			dependencies = (
			);
			name = EveryDoItAgain;
			productName = EveryDoItAgain;
			productReference = C85BCD732214B3D700DC83CE /* EveryDoItAgain.app */;
			productType = "com.apple.product-type.application";
		};
/* End PBXNativeTarget section */

/* Begin PBXProject section */
		C85BCD6B2214B3D700DC83CE /* Project object */ = {
			isa = PBXProject;
			attributes = {
				LastSwiftUpdateCheck = 1010;
				LastUpgradeCheck = 1010;
				ORGANIZATIONNAME = "Jun Oh";
				TargetAttributes = {
					C85BCD722214B3D700DC83CE = {
						CreatedOnToolsVersion = 10.1;
					};
				};
			};
			buildConfigurationList = C85BCD6E2214B3D700DC83CE /* Build configuration list for PBXProject "EveryDoItAgain" */;
			compatibilityVersion = "Xcode 9.3";
			developmentRegion = en;
			hasScannedForEncodings = 0;
			knownRegions = (
				en,
				Base,
			);
			mainGroup = C85BCD6A2214B3D700DC83CE;
			productRefGroup = C85BCD742214B3D700DC83CE /* Products */;
			projectDirPath = "";
			projectRoot = "";
			targets = (
				C85BCD722214B3D700DC83CE /* EveryDoItAgain */,
			);
		};
/* End PBXProject section */

/* Begin PBXResourcesBuildPhase section */
		C85BCD712214B3D700DC83CE /* Resources */ = {
			isa = PBXResourcesBuildPhase;
			buildActionMask = 2147483647;
			files = (
				C85BCD862214B3D800DC83CE /* LaunchScreen.storyboard in Resources */,
				C85BCD832214B3D800DC83CE /* Assets.xcassets in Resources */,
				C85BCD812214B3D700DC83CE /* Main.storyboard in Resources */,
			);
			runOnlyForDeploymentPostprocessing = 0;
		};
/* End PBXResourcesBuildPhase section */

/* Begin PBXSourcesBuildPhase section */
		C85BCD6F2214B3D700DC83CE /* Sources */ = {
			isa = PBXSourcesBuildPhase;
			buildActionMask = 2147483647;
			files = (
				C85BCD7A2214B3D700DC83CE /* EveryDoItAgain.xcdatamodeld in Sources */,
				C85BCD772214B3D700DC83CE /* AppDelegate.swift in Sources */,
				C85BCD7C2214B3D700DC83CE /* MasterViewController.swift in Sources */,
				C85BCD7E2214B3D700DC83CE /* DetailViewController.swift in Sources */,
			);
			runOnlyForDeploymentPostprocessing = 0;
		};
/* End PBXSourcesBuildPhase section */

/* Begin PBXVariantGroup section */
		C85BCD7F2214B3D700DC83CE /* Main.storyboard */ = {
			isa = PBXVariantGroup;
			children = (
				C85BCD802214B3D700DC83CE /* Base */,
			);
			name = Main.storyboard;
			sourceTree = "<group>";
		};
		C85BCD842214B3D800DC83CE /* LaunchScreen.storyboard */ = {
			isa = PBXVariantGroup;
			children = (
				C85BCD852214B3D800DC83CE /* Base */,
			);
			name = LaunchScreen.storyboard;
			sourceTree = "<group>";
		};
/* End PBXVariantGroup section */

/* Begin XCBuildConfiguration section */
		C85BCD882214B3D800DC83CE /* Debug */ = {
			isa = XCBuildConfiguration;
			buildSettings = {
				ALWAYS_SEARCH_USER_PATHS = NO;
				CLANG_ANALYZER_NONNULL = YES;
				CLANG_ANALYZER_NUMBER_OBJECT_CONVERSION = YES_AGGRESSIVE;
				CLANG_CXX_LANGUAGE_STANDARD = "gnu++14";
				CLANG_CXX_LIBRARY = "libc++";
				CLANG_ENABLE_MODULES = YES;
				CLANG_ENABLE_OBJC_ARC = YES;
				CLANG_ENABLE_OBJC_WEAK = YES;
				CLANG_WARN_BLOCK_CAPTURE_AUTORELEASING = YES;
				CLANG_WARN_BOOL_CONVERSION = YES;
				CLANG_WARN_COMMA = YES;
				CLANG_WARN_CONSTANT_CONVERSION = YES;
				CLANG_WARN_DEPRECATED_OBJC_IMPLEMENTATIONS = YES;
				CLANG_WARN_DIRECT_OBJC_ISA_USAGE = YES_ERROR;
				CLANG_WARN_DOCUMENTATION_COMMENTS = YES;
				CLANG_WARN_EMPTY_BODY = YES;
				CLANG_WARN_ENUM_CONVERSION = YES;
				CLANG_WARN_INFINITE_RECURSION = YES;
				CLANG_WARN_INT_CONVERSION = YES;
				CLANG_WARN_NON_LITERAL_NULL_CONVERSION = YES;
				CLANG_WARN_OBJC_IMPLICIT_RETAIN_SELF = YES;
				CLANG_WARN_OBJC_LITERAL_CONVERSION = YES;
				CLANG_WARN_OBJC_ROOT_CLASS = YES_ERROR;
				CLANG_WARN_RANGE_LOOP_ANALYSIS = YES;
				CLANG_WARN_STRICT_PROTOTYPES = YES;
				CLANG_WARN_SUSPICIOUS_MOVE = YES;
				CLANG_WARN_UNGUARDED_AVAILABILITY = YES_AGGRESSIVE;
				CLANG_WARN_UNREACHABLE_CODE = YES;
				CLANG_WARN__DUPLICATE_METHOD_MATCH = YES;
				CODE_SIGN_IDENTITY = "iPhone Developer";
				COPY_PHASE_STRIP = NO;
				DEBUG_INFORMATION_FORMAT = dwarf;
				ENABLE_STRICT_OBJC_MSGSEND = YES;
				ENABLE_TESTABILITY = YES;
				GCC_C_LANGUAGE_STANDARD = gnu11;
				GCC_DYNAMIC_NO_PIC = NO;
				GCC_NO_COMMON_BLOCKS = YES;
				GCC_OPTIMIZATION_LEVEL = 0;
				GCC_PREPROCESSOR_DEFINITIONS = (
					"DEBUG=1",
					"$(inherited)",
				);
				GCC_WARN_64_TO_32_BIT_CONVERSION = YES;
				GCC_WARN_ABOUT_RETURN_TYPE = YES_ERROR;
				GCC_WARN_UNDECLARED_SELECTOR = YES;
				GCC_WARN_UNINITIALIZED_AUTOS = YES_AGGRESSIVE;
				GCC_WARN_UNUSED_FUNCTION = YES;
				GCC_WARN_UNUSED_VARIABLE = YES;
				IPHONEOS_DEPLOYMENT_TARGET = 12.1;
				MTL_ENABLE_DEBUG_INFO = INCLUDE_SOURCE;
				MTL_FAST_MATH = YES;
				ONLY_ACTIVE_ARCH = YES;
				SDKROOT = iphoneos;
				SWIFT_ACTIVE_COMPILATION_CONDITIONS = DEBUG;
				SWIFT_OPTIMIZATION_LEVEL = "-Onone";
			};
			name = Debug;
		};
		C85BCD892214B3D800DC83CE /* Release */ = {
			isa = XCBuildConfiguration;
			buildSettings = {
				ALWAYS_SEARCH_USER_PATHS = NO;
				CLANG_ANALYZER_NONNULL = YES;
				CLANG_ANALYZER_NUMBER_OBJECT_CONVERSION = YES_AGGRESSIVE;
				CLANG_CXX_LANGUAGE_STANDARD = "gnu++14";
				CLANG_CXX_LIBRARY = "libc++";
				CLANG_ENABLE_MODULES = YES;
				CLANG_ENABLE_OBJC_ARC = YES;
				CLANG_ENABLE_OBJC_WEAK = YES;
				CLANG_WARN_BLOCK_CAPTURE_AUTORELEASING = YES;
				CLANG_WARN_BOOL_CONVERSION = YES;
				CLANG_WARN_COMMA = YES;
				CLANG_WARN_CONSTANT_CONVERSION = YES;
				CLANG_WARN_DEPRECATED_OBJC_IMPLEMENTATIONS = YES;
				CLANG_WARN_DIRECT_OBJC_ISA_USAGE = YES_ERROR;
				CLANG_WARN_DOCUMENTATION_COMMENTS = YES;
				CLANG_WARN_EMPTY_BODY = YES;
				CLANG_WARN_ENUM_CONVERSION = YES;
				CLANG_WARN_INFINITE_RECURSION = YES;
				CLANG_WARN_INT_CONVERSION = YES;
				CLANG_WARN_NON_LITERAL_NULL_CONVERSION = YES;
				CLANG_WARN_OBJC_IMPLICIT_RETAIN_SELF = YES;
				CLANG_WARN_OBJC_LITERAL_CONVERSION = YES;
				CLANG_WARN_OBJC_ROOT_CLASS = YES_ERROR;
				CLANG_WARN_RANGE_LOOP_ANALYSIS = YES;
				CLANG_WARN_STRICT_PROTOTYPES = YES;
				CLANG_WARN_SUSPICIOUS_MOVE = YES;
				CLANG_WARN_UNGUARDED_AVAILABILITY = YES_AGGRESSIVE;
				CLANG_WARN_UNREACHABLE_CODE = YES;
				CLANG_WARN__DUPLICATE_METHOD_MATCH = YES;
				CODE_SIGN_IDENTITY = "iPhone Developer";
				COPY_PHASE_STRIP = NO;
				DEBUG_INFORMATION_FORMAT = "dwarf-with-dsym";
				ENABLE_NS_ASSERTIONS = NO;
				ENABLE_STRICT_OBJC_MSGSEND = YES;
				GCC_C_LANGUAGE_STANDARD = gnu11;
				GCC_NO_COMMON_BLOCKS = YES;
				GCC_WARN_64_TO_32_BIT_CONVERSION = YES;
				GCC_WARN_ABOUT_RETURN_TYPE = YES_ERROR;
				GCC_WARN_UNDECLARED_SELECTOR = YES;
				GCC_WARN_UNINITIALIZED_AUTOS = YES_AGGRESSIVE;
				GCC_WARN_UNUSED_FUNCTION = YES;
				GCC_WARN_UNUSED_VARIABLE = YES;
				IPHONEOS_DEPLOYMENT_TARGET = 12.1;
				MTL_ENABLE_DEBUG_INFO = NO;
				MTL_FAST_MATH = YES;
				SDKROOT = iphoneos;
				SWIFT_COMPILATION_MODE = wholemodule;
				SWIFT_OPTIMIZATION_LEVEL = "-O";
				VALIDATE_PRODUCT = YES;
			};
			name = Release;
		};
		C85BCD8B2214B3D800DC83CE /* Debug */ = {
			isa = XCBuildConfiguration;
			buildSettings = {
				ASSETCATALOG_COMPILER_APPICON_NAME = AppIcon;
				CODE_SIGN_STYLE = Automatic;
				INFOPLIST_FILE = EveryDoItAgain/Info.plist;
				LD_RUNPATH_SEARCH_PATHS = (
					"$(inherited)",
					"@executable_path/Frameworks",
				);
				PRODUCT_BUNDLE_IDENTIFIER = com.juuuuuun.EveryDoItAgain;
				PRODUCT_NAME = "$(TARGET_NAME)";
				SWIFT_VERSION = 4.2;
				TARGETED_DEVICE_FAMILY = "1,2";
			};
			name = Debug;
		};
		C85BCD8C2214B3D800DC83CE /* Release */ = {
			isa = XCBuildConfiguration;
			buildSettings = {
				ASSETCATALOG_COMPILER_APPICON_NAME = AppIcon;
				CODE_SIGN_STYLE = Automatic;
				INFOPLIST_FILE = EveryDoItAgain/Info.plist;
				LD_RUNPATH_SEARCH_PATHS = (
					"$(inherited)",
					"@executable_path/Frameworks",
				);
				PRODUCT_BUNDLE_IDENTIFIER = com.juuuuuun.EveryDoItAgain;
				PRODUCT_NAME = "$(TARGET_NAME)";
				SWIFT_VERSION = 4.2;
				TARGETED_DEVICE_FAMILY = "1,2";
			};
			name = Release;
		};
/* End XCBuildConfiguration section */

/* Begin XCConfigurationList section */
		C85BCD6E2214B3D700DC83CE /* Build configuration list for PBXProject "EveryDoItAgain" */ = {
			isa = XCConfigurationList;
			buildConfigurations = (
				C85BCD882214B3D800DC83CE /* Debug */,
				C85BCD892214B3D800DC83CE /* Release */,
			);
			defaultConfigurationIsVisible = 0;
			defaultConfigurationName = Release;
		};
		C85BCD8A2214B3D800DC83CE /* Build configuration list for PBXNativeTarget "EveryDoItAgain" */ = {
			isa = XCConfigurationList;
			buildConfigurations = (
				C85BCD8B2214B3D800DC83CE /* Debug */,
				C85BCD8C2214B3D800DC83CE /* Release */,
			);
			defaultConfigurationIsVisible = 0;
			defaultConfigurationName = Release;
		};
/* End XCConfigurationList section */

/* Begin XCVersionGroup section */
		C85BCD782214B3D700DC83CE /* EveryDoItAgain.xcdatamodeld */ = {
			isa = XCVersionGroup;
			children = (
				C85BCD792214B3D700DC83CE /* EveryDoItAgain.xcdatamodel */,
			);
			currentVersion = C85BCD792214B3D700DC83CE /* EveryDoItAgain.xcdatamodel */;
			path = EveryDoItAgain.xcdatamodeld;
			sourceTree = "<group>";
			versionGroupType = wrapper.xcdatamodel;
		};
/* End XCVersionGroup section */
	};
	rootObject = C85BCD6B2214B3D700DC83CE /* Project object */;
}
